
Microsoft Visual Studio Solution File, Format Version 12.00
# Visual Studio 15
VisualStudioVersion = 15.0.28307.168
MinimumVisualStudioVersion = 10.0.40219.1
Project("{FAE04EC0-301F-11D3-BF4B-00C04F79EFBC}") = "Parser", "Parser\Parser.csproj", "{002C8B09-0C00-40F2-9CB5-BEDFDA936CD6}"
EndProject
Project("{FAE04EC0-301F-11D3-BF4B-00C04F79EFBC}") = "PlotterBase", "PlotterBase\PlotterBase.csproj", "{786AAF23-55A8-4A11-9F34-F54F87732701}"
EndProject
Global
	GlobalSection(SolutionConfigurationPlatforms) = preSolution
		Debug|Any CPU = Debug|Any CPU
		Release|Any CPU = Release|Any CPU
	EndGlobalSection
	GlobalSection(ProjectConfigurationPlatforms) = postSolution
		{002C8B09-0C00-40F2-9CB5-BEDFDA936CD6}.Debug|Any CPU.ActiveCfg = Debug|Any CPU
		{002C8B09-0C00-40F2-9CB5-BEDFDA936CD6}.Debug|Any CPU.Build.0 = Debug|Any CPU
		{002C8B09-0C00-40F2-9CB5-BEDFDA936CD6}.Release|Any CPU.ActiveCfg = Release|Any CPU
		{002C8B09-0C00-40F2-9CB5-BEDFDA936CD6}.Release|Any CPU.Build.0 = Release|Any CPU
		{786AAF23-55A8-4A11-9F34-F54F87732701}.Debug|Any CPU.ActiveCfg = Debug|Any CPU
		{786AAF23-55A8-4A11-9F34-F54F87732701}.Debug|Any CPU.Build.0 = Debug|Any CPU
		{786AAF23-55A8-4A11-9F34-F54F87732701}.Release|Any CPU.ActiveCfg = Release|Any CPU
		{786AAF23-55A8-4A11-9F34-F54F87732701}.Release|Any CPU.Build.0 = Release|Any CPU
	EndGlobalSection
	GlobalSection(SolutionProperties) = preSolution
		HideSolutionNode = FALSE
	EndGlobalSection
	GlobalSection(ExtensibilityGlobals) = postSolution
		SolutionGuid = {26057C70-5883-42A6-B1C9-4DD656386E68}
	EndGlobalSection
EndGlobal
